
Microsoft Visual Studio Solution File, Format Version 12.00
# Visual Studio Version 16
VisualStudioVersion = 16.0.31624.102
MinimumVisualStudioVersion = 10.0.40219.1
Project("{FAE04EC0-301F-11D3-BF4B-00C04F79EFBC}") = "CTFAK", "CTFAK\CTFAK.csproj", "{A2B1CC79-6BBA-4AEF-99C9-4E0CF426AA0A}"
EndProject
Global
	GlobalSection(SolutionConfigurationPlatforms) = preSolution
		Debug|Any CPU = Debug|Any CPU
		Debug|x64 = Debug|x64
		Release|Any CPU = Release|Any CPU
		Release|x64 = Release|x64
	EndGlobalSection
	GlobalSection(ProjectConfigurationPlatforms) = postSolution
		{A2B1CC79-6BBA-4AEF-99C9-4E0CF426AA0A}.Debug|Any CPU.ActiveCfg = Debug|Any CPU
		{A2B1CC79-6BBA-4AEF-99C9-4E0CF426AA0A}.Debug|Any CPU.Build.0 = Debug|Any CPU
		{A2B1CC79-6BBA-4AEF-99C9-4E0CF426AA0A}.Debug|x64.ActiveCfg = Debug|x64
		{A2B1CC79-6BBA-4AEF-99C9-4E0CF426AA0A}.Debug|x64.Build.0 = Debug|x64
		{A2B1CC79-6BBA-4AEF-99C9-4E0CF426AA0A}.Release|Any CPU.ActiveCfg = Release|Any CPU
		{A2B1CC79-6BBA-4AEF-99C9-4E0CF426AA0A}.Release|Any CPU.Build.0 = Release|Any CPU
		{A2B1CC79-6BBA-4AEF-99C9-4E0CF426AA0A}.Release|x64.ActiveCfg = Release|x64
		{A2B1CC79-6BBA-4AEF-99C9-4E0CF426AA0A}.Release|x64.Build.0 = Release|x64
	EndGlobalSection
	GlobalSection(SolutionProperties) = preSolution
		HideSolutionNode = FALSE
	EndGlobalSection
	GlobalSection(ExtensibilityGlobals) = postSolution
		SolutionGuid = {1865FDEA-5BC9-4BC7-98B3-3E5A1C082324}
	EndGlobalSection
EndGlobal
